PODS:
  - Alamofire (5.5.0)
  - Kingfisher (7.1.2)
  - lottie-ios (3.3.0)
  - ReachabilitySwift (5.0.0)

DEPENDENCIES:
  - Alamofire
  - Kingfisher
  - lottie-ios
  - ReachabilitySwift

SPEC REPOS:
  trunk:
    - Alamofire
    - Kingfisher
    - lottie-ios
    - ReachabilitySwift

SPEC CHECKSUMS:
  Alamofire: 1c4fb5369c3fe93d2857c780d8bbe09f06f97e7c
  Kingfisher: 44ed6a8504763f27bab46163adfac83f5deb240c
  lottie-ios: 6ac74dcc09904798f59b18cb3075c089d76be9ae
  ReachabilitySwift: 985039c6f7b23a1da463388634119492ff86c825

PODFILE CHECKSUM: 0dddf6f77969054f7dcd380335814ae24a5a4145

COCOAPODS: 1.11.2
